// !$*UTF8*$!
{
	archiveVersion = 1;
	classes = {
	};
	objectVersion = 46;
	objects = {

/* Begin PBXBuildFile section */
		4F8216051E0452C500744816 /* main.cpp in Sources */ = {isa = PBXBuildFile; fileRef = 4F8216041E0452C500744816 /* main.cpp */; };
		4F8216171E04531900744816 /* Stage.cpp in Sources */ = {isa = PBXBuildFile; fileRef = 4F8216151E04531900744816 /* Stage.cpp */; };
		4F82161D1E04547900744816 /* Channel.cpp in Sources */ = {isa = PBXBuildFile; fileRef = 4F82161B1E04547900744816 /* Channel.cpp */; };
		4F8216201E0454AD00744816 /* FadeCurve.cpp in Sources */ = {isa = PBXBuildFile; fileRef = 4F82161E1E0454AD00744816 /* FadeCurve.cpp */; };
		4F8216231E04683C00744816 /* UIControlElement.cpp in Sources */ = {isa = PBXBuildFile; fileRef = 4F8216211E04683C00744816 /* UIControlElement.cpp */; };
		4F82162C1E049A7600744816 /* UISwitch.cpp in Sources */ = {isa = PBXBuildFile; fileRef = 4F82162A1E049A7600744816 /* UISwitch.cpp */; };
		4F8216391E05787500744816 /* UISlieder.cpp in Sources */ = {isa = PBXBuildFile; fileRef = 4F8216371E05787500744816 /* UISlieder.cpp */; };
		4F82163D1E05C30500744816 /* Element.cpp in Sources */ = {isa = PBXBuildFile; fileRef = 4F82163B1E05C30500744816 /* Element.cpp */; };
		4F8216401E05C33900744816 /* ElementController.cpp in Sources */ = {isa = PBXBuildFile; fileRef = 4F82163E1E05C33900744816 /* ElementController.cpp */; };
		4F8216431E05C63F00744816 /* Button.cpp in Sources */ = {isa = PBXBuildFile; fileRef = 4F8216411E05C63F00744816 /* Button.cpp */; };
		4F8216461E05C77B00744816 /* VerticalSlider.cpp in Sources */ = {isa = PBXBuildFile; fileRef = 4F8216441E05C77B00744816 /* VerticalSlider.cpp */; };
		4F8216491E05CEEA00744816 /* Toggle.cpp in Sources */ = {isa = PBXBuildFile; fileRef = 4F8216471E05CEEA00744816 /* Toggle.cpp */; };
		4F82164C1E06076A00744816 /* UIPushButton.cpp in Sources */ = {isa = PBXBuildFile; fileRef = 4F82164A1E06076A00744816 /* UIPushButton.cpp */; };
		4F8216521E0617B200744816 /* Label.cpp in Sources */ = {isa = PBXBuildFile; fileRef = 4F8216501E0617B200744816 /* Label.cpp */; };
		4F82165F1E06D27200744816 /* XYPad.cpp in Sources */ = {isa = PBXBuildFile; fileRef = 4F82165D1E06D27200744816 /* XYPad.cpp */; };
		4F8216621E06DAAD00744816 /* UIXYPad.cpp in Sources */ = {isa = PBXBuildFile; fileRef = 4F8216601E06DAAD00744816 /* UIXYPad.cpp */; };
		4FA245A21E0C99DF0097B27D /* HorizontalSlider.cpp in Sources */ = {isa = PBXBuildFile; fileRef = 4FA245A11E0C99DF0097B27D /* HorizontalSlider.cpp */; };
		4FA245A91E0D5E940097B27D /* ActionGroup.cpp in Sources */ = {isa = PBXBuildFile; fileRef = 4FA245A71E0D5E940097B27D /* ActionGroup.cpp */; };
		4FA245AC1E0DA2940097B27D /* Action.cpp in Sources */ = {isa = PBXBuildFile; fileRef = 4FA245AA1E0DA2940097B27D /* Action.cpp */; };
		4FA245B21E0DE1710097B27D /* UISingleVChannel.cpp in Sources */ = {isa = PBXBuildFile; fileRef = 4FA245B01E0DE1710097B27D /* UISingleVChannel.cpp */; };
		4FB7B5161E07D27900D54CC7 /* arduino-serial-dmx.cpp in Sources */ = {isa = PBXBuildFile; fileRef = 4FB7B5141E07D27900D54CC7 /* arduino-serial-dmx.cpp */; };
		4FB7B5171E07D27900D54CC7 /* arduino-serial-lib.cpp in Sources */ = {isa = PBXBuildFile; fileRef = 4FB7B5151E07D27900D54CC7 /* arduino-serial-lib.cpp */; };
		4FB7B51B1E07EA6300D54CC7 /* keys.txt in Resources */ = {isa = PBXBuildFile; fileRef = 4FB7B51A1E07EA6300D54CC7 /* keys.txt */; };
		4FDBFA781E088C6800D515AD /* icon.png in Resources */ = {isa = PBXBuildFile; fileRef = 4FDBFA741E088C6800D515AD /* icon.png */; };
		4FDBFA791E088C6800D515AD /* sansation.ttf in Resources */ = {isa = PBXBuildFile; fileRef = 4FDBFA751E088C6800D515AD /* sansation.ttf */; };
		4FDBFA7A1E088C6800D515AD /* stage.json in Resources */ = {isa = PBXBuildFile; fileRef = 4FDBFA761E088C6800D515AD /* stage.json */; };
		4FDBFA7B1E088C6800D515AD /* ui.json in Resources */ = {isa = PBXBuildFile; fileRef = 4FDBFA771E088C6800D515AD /* ui.json */; };
		4FDD24F61E06FD5B000C715D /* UIChaser.cpp in Sources */ = {isa = PBXBuildFile; fileRef = 4FDD24F41E06FD5B000C715D /* UIChaser.cpp */; };
		4FE6B2421E088124007790DD /* ResourcePath.mm in Sources */ = {isa = PBXBuildFile; fileRef = 4FE6B2411E088124007790DD /* ResourcePath.mm */; };
/* End PBXBuildFile section */

/* Begin PBXFileReference section */
		4F8215FC1E0452C500744816 /* BitDmx.app */ = {isa = PBXFileReference; explicitFileType = wrapper.application; includeInIndex = 0; path = BitDmx.app; sourceTree = BUILT_PRODUCTS_DIR; };
		4F8216001E0452C500744816 /* BitDmx-Info.plist */ = {isa = PBXFileReference; lastKnownFileType = text.plist.xml; path = "BitDmx-Info.plist"; sourceTree = "<group>"; };
		4F8216041E0452C500744816 /* main.cpp */ = {isa = PBXFileReference; lastKnownFileType = sourcecode.cpp.cpp; path = main.cpp; sourceTree = "<group>"; };
		4F8216151E04531900744816 /* Stage.cpp */ = {isa = PBXFileReference; fileEncoding = 4; lastKnownFileType = sourcecode.cpp.cpp; path = Stage.cpp; sourceTree = "<group>"; };
		4F8216161E04531900744816 /* Stage.hpp */ = {isa = PBXFileReference; fileEncoding = 4; lastKnownFileType = sourcecode.cpp.h; path = Stage.hpp; sourceTree = "<group>"; };
		4F8216191E04538A00744816 /* Types.hpp */ = {isa = PBXFileReference; fileEncoding = 4; lastKnownFileType = sourcecode.cpp.h; path = Types.hpp; sourceTree = "<group>"; };
		4F82161B1E04547900744816 /* Channel.cpp */ = {isa = PBXFileReference; fileEncoding = 4; lastKnownFileType = sourcecode.cpp.cpp; path = Channel.cpp; sourceTree = "<group>"; };
		4F82161C1E04547900744816 /* Channel.hpp */ = {isa = PBXFileReference; fileEncoding = 4; lastKnownFileType = sourcecode.cpp.h; path = Channel.hpp; sourceTree = "<group>"; };
		4F82161E1E0454AD00744816 /* FadeCurve.cpp */ = {isa = PBXFileReference; fileEncoding = 4; lastKnownFileType = sourcecode.cpp.cpp; path = FadeCurve.cpp; sourceTree = "<group>"; };
		4F82161F1E0454AD00744816 /* FadeCurve.hpp */ = {isa = PBXFileReference; fileEncoding = 4; lastKnownFileType = sourcecode.cpp.h; path = FadeCurve.hpp; sourceTree = "<group>"; };
		4F8216211E04683C00744816 /* UIControlElement.cpp */ = {isa = PBXFileReference; fileEncoding = 4; lastKnownFileType = sourcecode.cpp.cpp; path = UIControlElement.cpp; sourceTree = "<group>"; };
		4F8216221E04683C00744816 /* UIControlElement.hpp */ = {isa = PBXFileReference; fileEncoding = 4; lastKnownFileType = sourcecode.cpp.h; path = UIControlElement.hpp; sourceTree = "<group>"; };
		4F82162A1E049A7600744816 /* UISwitch.cpp */ = {isa = PBXFileReference; fileEncoding = 4; lastKnownFileType = sourcecode.cpp.cpp; path = UISwitch.cpp; sourceTree = "<group>"; };
		4F82162B1E049A7600744816 /* UISwitch.hpp */ = {isa = PBXFileReference; fileEncoding = 4; lastKnownFileType = sourcecode.cpp.h; path = UISwitch.hpp; sourceTree = "<group>"; };
		4F8216371E05787500744816 /* UISlieder.cpp */ = {isa = PBXFileReference; fileEncoding = 4; lastKnownFileType = sourcecode.cpp.cpp; path = UISlieder.cpp; sourceTree = "<group>"; };
		4F8216381E05787500744816 /* UISlieder.hpp */ = {isa = PBXFileReference; fileEncoding = 4; lastKnownFileType = sourcecode.cpp.h; path = UISlieder.hpp; sourceTree = "<group>"; };
		4F82163B1E05C30500744816 /* Element.cpp */ = {isa = PBXFileReference; fileEncoding = 4; lastKnownFileType = sourcecode.cpp.cpp; path = Element.cpp; sourceTree = "<group>"; };
		4F82163C1E05C30500744816 /* Element.hpp */ = {isa = PBXFileReference; fileEncoding = 4; lastKnownFileType = sourcecode.cpp.h; path = Element.hpp; sourceTree = "<group>"; };
		4F82163E1E05C33900744816 /* ElementController.cpp */ = {isa = PBXFileReference; fileEncoding = 4; lastKnownFileType = sourcecode.cpp.cpp; path = ElementController.cpp; sourceTree = "<group>"; };
		4F82163F1E05C33900744816 /* ElementController.hpp */ = {isa = PBXFileReference; fileEncoding = 4; lastKnownFileType = sourcecode.cpp.h; path = ElementController.hpp; sourceTree = "<group>"; };
		4F8216411E05C63F00744816 /* Button.cpp */ = {isa = PBXFileReference; fileEncoding = 4; lastKnownFileType = sourcecode.cpp.cpp; path = Button.cpp; sourceTree = "<group>"; };
		4F8216421E05C63F00744816 /* Button.hpp */ = {isa = PBXFileReference; fileEncoding = 4; lastKnownFileType = sourcecode.cpp.h; path = Button.hpp; sourceTree = "<group>"; };
		4F8216441E05C77B00744816 /* VerticalSlider.cpp */ = {isa = PBXFileReference; fileEncoding = 4; lastKnownFileType = sourcecode.cpp.cpp; path = VerticalSlider.cpp; sourceTree = "<group>"; };
		4F8216451E05C77B00744816 /* VerticalSlider.hpp */ = {isa = PBXFileReference; fileEncoding = 4; lastKnownFileType = sourcecode.cpp.h; path = VerticalSlider.hpp; sourceTree = "<group>"; };
		4F8216471E05CEEA00744816 /* Toggle.cpp */ = {isa = PBXFileReference; fileEncoding = 4; lastKnownFileType = sourcecode.cpp.cpp; path = Toggle.cpp; sourceTree = "<group>"; };
		4F8216481E05CEEA00744816 /* Toggle.hpp */ = {isa = PBXFileReference; fileEncoding = 4; lastKnownFileType = sourcecode.cpp.h; path = Toggle.hpp; sourceTree = "<group>"; };
		4F82164A1E06076A00744816 /* UIPushButton.cpp */ = {isa = PBXFileReference; fileEncoding = 4; lastKnownFileType = sourcecode.cpp.cpp; path = UIPushButton.cpp; sourceTree = "<group>"; };
		4F82164B1E06076A00744816 /* UIPushButton.hpp */ = {isa = PBXFileReference; fileEncoding = 4; lastKnownFileType = sourcecode.cpp.h; path = UIPushButton.hpp; sourceTree = "<group>"; };
		4F8216501E0617B200744816 /* Label.cpp */ = {isa = PBXFileReference; fileEncoding = 4; lastKnownFileType = sourcecode.cpp.cpp; path = Label.cpp; sourceTree = "<group>"; };
		4F8216511E0617B200744816 /* Label.hpp */ = {isa = PBXFileReference; fileEncoding = 4; lastKnownFileType = sourcecode.cpp.h; path = Label.hpp; sourceTree = "<group>"; };
		4F82165D1E06D27200744816 /* XYPad.cpp */ = {isa = PBXFileReference; fileEncoding = 4; lastKnownFileType = sourcecode.cpp.cpp; path = XYPad.cpp; sourceTree = "<group>"; };
		4F82165E1E06D27200744816 /* XYPad.hpp */ = {isa = PBXFileReference; fileEncoding = 4; lastKnownFileType = sourcecode.cpp.h; path = XYPad.hpp; sourceTree = "<group>"; };
		4F8216601E06DAAD00744816 /* UIXYPad.cpp */ = {isa = PBXFileReference; fileEncoding = 4; lastKnownFileType = sourcecode.cpp.cpp; path = UIXYPad.cpp; sourceTree = "<group>"; };
		4F8216611E06DAAD00744816 /* UIXYPad.hpp */ = {isa = PBXFileReference; fileEncoding = 4; lastKnownFileType = sourcecode.cpp.h; path = UIXYPad.hpp; sourceTree = "<group>"; };
		4FA245A11E0C99DF0097B27D /* HorizontalSlider.cpp */ = {isa = PBXFileReference; fileEncoding = 4; lastKnownFileType = sourcecode.cpp.cpp; path = HorizontalSlider.cpp; sourceTree = "<group>"; };
		4FA245A31E0C99F10097B27D /* HorizontalSlider.hpp */ = {isa = PBXFileReference; fileEncoding = 4; lastKnownFileType = sourcecode.cpp.h; path = HorizontalSlider.hpp; sourceTree = "<group>"; };
		4FA245A71E0D5E940097B27D /* ActionGroup.cpp */ = {isa = PBXFileReference; fileEncoding = 4; lastKnownFileType = sourcecode.cpp.cpp; path = ActionGroup.cpp; sourceTree = "<group>"; };
		4FA245A81E0D5E940097B27D /* ActionGroup.hpp */ = {isa = PBXFileReference; fileEncoding = 4; lastKnownFileType = sourcecode.cpp.h; path = ActionGroup.hpp; sourceTree = "<group>"; };
		4FA245AA1E0DA2940097B27D /* Action.cpp */ = {isa = PBXFileReference; fileEncoding = 4; lastKnownFileType = sourcecode.cpp.cpp; path = Action.cpp; sourceTree = "<group>"; };
		4FA245AB1E0DA2940097B27D /* Action.hpp */ = {isa = PBXFileReference; fileEncoding = 4; lastKnownFileType = sourcecode.cpp.h; path = Action.hpp; sourceTree = "<group>"; };
		4FA245B01E0DE1710097B27D /* UISingleVChannel.cpp */ = {isa = PBXFileReference; fileEncoding = 4; lastKnownFileType = sourcecode.cpp.cpp; path = UISingleVChannel.cpp; sourceTree = "<group>"; };
		4FA245B11E0DE1710097B27D /* UISingleVChannel.hpp */ = {isa = PBXFileReference; fileEncoding = 4; lastKnownFileType = sourcecode.cpp.h; path = UISingleVChannel.hpp; sourceTree = "<group>"; };
		4FB7B5141E07D27900D54CC7 /* arduino-serial-dmx.cpp */ = {isa = PBXFileReference; fileEncoding = 4; lastKnownFileType = sourcecode.cpp.cpp; path = "arduino-serial-dmx.cpp"; sourceTree = "<group>"; };
		4FB7B5151E07D27900D54CC7 /* arduino-serial-lib.cpp */ = {isa = PBXFileReference; fileEncoding = 4; lastKnownFileType = sourcecode.cpp.cpp; path = "arduino-serial-lib.cpp"; sourceTree = "<group>"; };
		4FB7B5181E07D2CA00D54CC7 /* arduino-serial-lib.hpp */ = {isa = PBXFileReference; lastKnownFileType = sourcecode.cpp.h; path = "arduino-serial-lib.hpp"; sourceTree = "<group>"; };
		4FB7B5191E07D8E600D54CC7 /* arduino-serial-dmx.hpp */ = {isa = PBXFileReference; lastKnownFileType = sourcecode.cpp.h; path = "arduino-serial-dmx.hpp"; sourceTree = "<group>"; };
		4FB7B51A1E07EA6300D54CC7 /* keys.txt */ = {isa = PBXFileReference; fileEncoding = 4; lastKnownFileType = text; path = keys.txt; sourceTree = "<group>"; };
		4FDBFA691E088AE000D515AD /* config */ = {isa = PBXFileReference; lastKnownFileType = folder; path = config; sourceTree = SOURCE_ROOT; };
		4FDBFA741E088C6800D515AD /* icon.png */ = {isa = PBXFileReference; lastKnownFileType = image.png; path = icon.png; sourceTree = "<group>"; };
		4FDBFA751E088C6800D515AD /* sansation.ttf */ = {isa = PBXFileReference; lastKnownFileType = file; path = sansation.ttf; sourceTree = "<group>"; };
		4FDBFA761E088C6800D515AD /* stage.json */ = {isa = PBXFileReference; fileEncoding = 4; lastKnownFileType = text.json; path = stage.json; sourceTree = "<group>"; };
		4FDBFA771E088C6800D515AD /* ui.json */ = {isa = PBXFileReference; fileEncoding = 4; lastKnownFileType = text.json; path = ui.json; sourceTree = "<group>"; };
		4FDD24F41E06FD5B000C715D /* UIChaser.cpp */ = {isa = PBXFileReference; fileEncoding = 4; lastKnownFileType = sourcecode.cpp.cpp; path = UIChaser.cpp; sourceTree = "<group>"; };
		4FDD24F51E06FD5B000C715D /* UIChaser.hpp */ = {isa = PBXFileReference; fileEncoding = 4; lastKnownFileType = sourcecode.cpp.h; path = UIChaser.hpp; sourceTree = "<group>"; };
		4FE6B2401E088124007790DD /* ResourcePath.hpp */ = {isa = PBXFileReference; fileEncoding = 4; lastKnownFileType = sourcecode.cpp.h; path = ResourcePath.hpp; sourceTree = "<group>"; };
		4FE6B2411E088124007790DD /* ResourcePath.mm */ = {isa = PBXFileReference; fileEncoding = 4; lastKnownFileType = sourcecode.cpp.objcpp; path = ResourcePath.mm; sourceTree = "<group>"; };
/* End PBXFileReference section */

/* Begin PBXFrameworksBuildPhase section */
		4F8215F81E0452C500744816 /* Frameworks */ = {
			isa = PBXFrameworksBuildPhase;
			buildActionMask = 2147483647;
			files = (
			);
			runOnlyForDeploymentPostprocessing = 0;
		};
/* End PBXFrameworksBuildPhase section */

/* Begin PBXGroup section */
		4F8215F21E0452C500744816 = {
			isa = PBXGroup;
			children = (
				4F8215FE1E0452C500744816 /* BitDmx */,
				4F8215FD1E0452C500744816 /* Products */,
			);
			sourceTree = "<group>";
		};
		4F8215FD1E0452C500744816 /* Products */ = {
			isa = PBXGroup;
			children = (
				4F8215FC1E0452C500744816 /* BitDmx.app */,
			);
			name = Products;
			sourceTree = "<group>";
		};
		4F8215FE1E0452C500744816 /* BitDmx */ = {
			isa = PBXGroup;
			children = (
				4FDBFA7F1E088E4700D515AD /* UI */,
				4F8216141E0452F900744816 /* Logic */,
				4F8216041E0452C500744816 /* main.cpp */,
				4F8215FF1E0452C500744816 /* Supporting Files */,
			);
			name = BitDmx;
			path = src;
			sourceTree = "<group>";
		};
		4F8215FF1E0452C500744816 /* Supporting Files */ = {
			isa = PBXGroup;
			children = (
				4FDBFA7C1E088C7C00D515AD /* res */,
				4F8216001E0452C500744816 /* BitDmx-Info.plist */,
			);
			name = "Supporting Files";
			sourceTree = "<group>";
		};
		4F8216141E0452F900744816 /* Logic */ = {
			isa = PBXGroup;
			children = (
				4FDBFA811E088E6B00D515AD /* DMX */,
				4FDBFA7D1E088E2700D515AD /* Arduino Serial */,
				4FDBFA801E088E5E00D515AD /* Helpers */,
			);
			name = Logic;
			sourceTree = "<group>";
		};
		4F8216291E049A6200744816 /* UIControlElement */ = {
			isa = PBXGroup;
			children = (
				4F8216211E04683C00744816 /* UIControlElement.cpp */,
				4F8216221E04683C00744816 /* UIControlElement.hpp */,
				4FA245B01E0DE1710097B27D /* UISingleVChannel.cpp */,
				4FA245B11E0DE1710097B27D /* UISingleVChannel.hpp */,
				4F82162A1E049A7600744816 /* UISwitch.cpp */,
				4F82162B1E049A7600744816 /* UISwitch.hpp */,
				4F82164A1E06076A00744816 /* UIPushButton.cpp */,
				4F82164B1E06076A00744816 /* UIPushButton.hpp */,
				4F8216371E05787500744816 /* UISlieder.cpp */,
				4F8216381E05787500744816 /* UISlieder.hpp */,
				4F8216601E06DAAD00744816 /* UIXYPad.cpp */,
				4F8216611E06DAAD00744816 /* UIXYPad.hpp */,
				4FDD24F41E06FD5B000C715D /* UIChaser.cpp */,
				4FDD24F51E06FD5B000C715D /* UIChaser.hpp */,
			);
			name = UIControlElement;
			sourceTree = "<group>";
		};
		4F82163A1E05C2F600744816 /* UIPart */ = {
			isa = PBXGroup;
			children = (
				4F82163B1E05C30500744816 /* Element.cpp */,
				4F82163C1E05C30500744816 /* Element.hpp */,
				4F82163E1E05C33900744816 /* ElementController.cpp */,
				4F82163F1E05C33900744816 /* ElementController.hpp */,
				4F8216411E05C63F00744816 /* Button.cpp */,
				4F8216421E05C63F00744816 /* Button.hpp */,
				4F8216471E05CEEA00744816 /* Toggle.cpp */,
				4F8216481E05CEEA00744816 /* Toggle.hpp */,
				4F8216441E05C77B00744816 /* VerticalSlider.cpp */,
				4F8216451E05C77B00744816 /* VerticalSlider.hpp */,
				4FA245A11E0C99DF0097B27D /* HorizontalSlider.cpp */,
				4FA245A31E0C99F10097B27D /* HorizontalSlider.hpp */,
				4F8216501E0617B200744816 /* Label.cpp */,
				4F8216511E0617B200744816 /* Label.hpp */,
				4F82165D1E06D27200744816 /* XYPad.cpp */,
				4F82165E1E06D27200744816 /* XYPad.hpp */,
			);
			name = UIPart;
			sourceTree = "<group>";
		};
		4FDBFA731E088C6800D515AD /* res */ = {
			isa = PBXGroup;
			children = (
				4FDBFA741E088C6800D515AD /* icon.png */,
				4FDBFA751E088C6800D515AD /* sansation.ttf */,
				4FDBFA761E088C6800D515AD /* stage.json */,
				4FDBFA771E088C6800D515AD /* ui.json */,
			);
			path = res;
			sourceTree = SOURCE_ROOT;
		};
		4FDBFA7C1E088C7C00D515AD /* res */ = {
			isa = PBXGroup;
			children = (
				4FB7B51A1E07EA6300D54CC7 /* keys.txt */,
				4FDBFA731E088C6800D515AD /* res */,
				4FDBFA691E088AE000D515AD /* config */,
			);
			name = res;
			sourceTree = "<group>";
		};
		4FDBFA7D1E088E2700D515AD /* Arduino Serial */ = {
			isa = PBXGroup;
			children = (
				4FB7B5191E07D8E600D54CC7 /* arduino-serial-dmx.hpp */,
				4FB7B5141E07D27900D54CC7 /* arduino-serial-dmx.cpp */,
				4FB7B5151E07D27900D54CC7 /* arduino-serial-lib.cpp */,
				4FB7B5181E07D2CA00D54CC7 /* arduino-serial-lib.hpp */,
			);
			name = "Arduino Serial";
			sourceTree = "<group>";
		};
		4FDBFA7F1E088E4700D515AD /* UI */ = {
			isa = PBXGroup;
			children = (
				4F82163A1E05C2F600744816 /* UIPart */,
				4F8216291E049A6200744816 /* UIControlElement */,
			);
			name = UI;
			sourceTree = "<group>";
		};
		4FDBFA801E088E5E00D515AD /* Helpers */ = {
			isa = PBXGroup;
			children = (
				4FE6B2401E088124007790DD /* ResourcePath.hpp */,
				4FE6B2411E088124007790DD /* ResourcePath.mm */,
				4F8216191E04538A00744816 /* Types.hpp */,
				4F82161E1E0454AD00744816 /* FadeCurve.cpp */,
				4F82161F1E0454AD00744816 /* FadeCurve.hpp */,
			);
			name = Helpers;
			sourceTree = "<group>";
		};
		4FDBFA811E088E6B00D515AD /* DMX */ = {
			isa = PBXGroup;
			children = (
				4F8216151E04531900744816 /* Stage.cpp */,
				4F8216161E04531900744816 /* Stage.hpp */,
				4F82161B1E04547900744816 /* Channel.cpp */,
				4F82161C1E04547900744816 /* Channel.hpp */,
				4FA245A71E0D5E940097B27D /* ActionGroup.cpp */,
				4FA245A81E0D5E940097B27D /* ActionGroup.hpp */,
				4FA245AA1E0DA2940097B27D /* Action.cpp */,
				4FA245AB1E0DA2940097B27D /* Action.hpp */,
			);
			name = DMX;
			sourceTree = "<group>";
		};
/* End PBXGroup section */

/* Begin PBXNativeTarget section */
		4F8215FB1E0452C500744816 /* BitDmx */ = {
			isa = PBXNativeTarget;
			buildConfigurationList = 4F8216111E0452C500744816 /* Build configuration list for PBXNativeTarget "BitDmx" */;
			buildPhases = (
				4F8215F71E0452C500744816 /* Sources */,
				4F8215F81E0452C500744816 /* Frameworks */,
				4F8215F91E0452C500744816 /* Resources */,
				4F8215FA1E0452C500744816 /* ShellScript */,
			);
			buildRules = (
			);
			dependencies = (
			);
			name = BitDmx;
			productName = BitDmx;
			productReference = 4F8215FC1E0452C500744816 /* BitDmx.app */;
			productType = "com.apple.product-type.application";
		};
/* End PBXNativeTarget section */

/* Begin PBXProject section */
		4F8215F31E0452C500744816 /* Project object */ = {
			isa = PBXProject;
			attributes = {
				LastUpgradeCheck = 0810;
				ORGANIZATIONNAME = BitDmx;
				TargetAttributes = {
					4F8215FB1E0452C500744816 = {
						CreatedOnToolsVersion = 8.1;
						ProvisioningStyle = Automatic;
					};
				};
			};
			buildConfigurationList = 4F8215F61E0452C500744816 /* Build configuration list for PBXProject "BitDmx" */;
			compatibilityVersion = "Xcode 3.2";
			developmentRegion = English;
			hasScannedForEncodings = 0;
			knownRegions = (
				en,
			);
			mainGroup = 4F8215F21E0452C500744816;
			productRefGroup = 4F8215FD1E0452C500744816 /* Products */;
			projectDirPath = "";
			projectRoot = "";
			targets = (
				4F8215FB1E0452C500744816 /* BitDmx */,
			);
		};
/* End PBXProject section */

/* Begin PBXResourcesBuildPhase section */
		4F8215F91E0452C500744816 /* Resources */ = {
			isa = PBXResourcesBuildPhase;
			buildActionMask = 2147483647;
			files = (
				4FDBFA791E088C6800D515AD /* sansation.ttf in Resources */,
				4FDBFA7B1E088C6800D515AD /* ui.json in Resources */,
				4FDBFA781E088C6800D515AD /* icon.png in Resources */,
				4FDBFA7A1E088C6800D515AD /* stage.json in Resources */,
				4FB7B51B1E07EA6300D54CC7 /* keys.txt in Resources */,
			);
			runOnlyForDeploymentPostprocessing = 0;
		};
/* End PBXResourcesBuildPhase section */

/* Begin PBXShellScriptBuildPhase section */
		4F8215FA1E0452C500744816 /* ShellScript */ = {
			isa = PBXShellScriptBuildPhase;
			buildActionMask = 2147483647;
			files = (
			);
			inputPaths = (
			);
			outputPaths = (
			);
			runOnlyForDeploymentPostprocessing = 0;
			shellPath = /bin/sh;
			shellScript = "# This shell script simply copies required SFML dylibs/frameworks into the application bundle frameworks folder.\n# If you're using static libraries (which is not recommended) you should remove this script from your project.\n\n# SETTINGS\nCMAKE_INSTALL_FRAMEWORK_PREFIX=\"/Library/Frameworks\"\nCMAKE_INSTALL_LIB_PREFIX=\"/usr/local/lib\"\nFRAMEWORKS_FULL_PATH=\"$BUILT_PRODUCTS_DIR/$FRAMEWORKS_FOLDER_PATH/\"\n\n# Are we building a project that uses frameworks or dylibs?\ncase \"$SFML_BINARY_TYPE\" in\n    DYLIBS)\n        frameworks=\"false\"\n        ;;\n    *)\n        frameworks=\"true\"\n        ;;\nesac\n\n# Echoes to stderr\nerror () # $* message to display\n{\n    echo $* 1>&2\n    exit 2\n}\n\nassert () # $1 is a boolean, $2...N is an error message\n{\n    if [ $# -lt 2 ]\n    then\n        error \"Internal error in assert: not enough args\"\n    fi\n\n    if [ $1 -ne 0 ]\n    then\n        shift\n        error \"$*\"\n    fi\n}\n\nforce_remove () # $@ is some paths\n{\n    test $# -ge 1\n    assert $? \"force_remove() requires at least one parameter\"\n    rm -fr $@\n    assert $? \"couldn't remove $@\"\n}\n\ncopy () # $1 is a source, $2 is a destination\n{\n    test $# -eq 2\n    assert $? \"copy() requires two parameters\"\n    ditto \"$1\" \"$2\"\n    assert $? \"couldn't copy $1 to $2\"\n}\n\nrequire () # $1 is a SFML module like 'system' or 'audio'\n{\n    dest=\"$BUILT_PRODUCTS_DIR/$FRAMEWORKS_FOLDER_PATH/\"\n\n    if [ -z \"$1\" ]\n    then\n        error \"require() requires one parameter!\"\n    else\n        # clean potentially old stuff\n        force_remove \"$dest/libsfml-$1\"*\n        force_remove \"$dest/sfml-$1.framework\"\n\n        # copy SFML libraries\n        if [ \"$frameworks\" = \"true\" ]\n        then\n            source=\"$CMAKE_INSTALL_FRAMEWORK_PREFIX/sfml-$1.framework\"\n            target=\"sfml-$1.framework\"\n        elif [ \"$SFML_LINK_DYLIBS_SUFFIX\" = \"-d\" ]\n        then\n            source=\"$CMAKE_INSTALL_LIB_PREFIX/libsfml-$1-d.dylib\"\n            target=\"`readlink $source`\"\n        else\n            source=\"$CMAKE_INSTALL_LIB_PREFIX/libsfml-$1.dylib\"\n            target=\"`readlink $source`\"\n        fi\n\n        copy \"$source\" \"$dest/$target\"\n\n        # copy extra dependencies\n        if [ \"$1\" = \"audio\" ]\n        then\n            # copy \"FLAC\" \"ogg\" \"vorbis\" \"vorbisenc\" \"vorbisfile\" \"OpenAL\" frameworks too\n            for f in \"FLAC\" \"ogg\" \"vorbis\" \"vorbisenc\" \"vorbisfile\" \"OpenAL\"\n            do\n                copy \"$CMAKE_INSTALL_FRAMEWORK_PREFIX/$f.framework\" \"$dest/$f.framework\"\n            done\n        elif [ \"$1\" = \"graphics\" ]\n        then\n            copy \"$CMAKE_INSTALL_FRAMEWORK_PREFIX/freetype.framework\" \"$dest/freetype.framework\"\n        fi\n    fi\n}\n\nif [ -n \"$SFML_SYSTEM\" ]\nthen\n    require \"system\"\nfi\n\nif [ -n \"$SFML_AUDIO\" ]\nthen\n    require \"audio\"\nfi\n\nif [ -n \"$SFML_NETWORK\" ]\nthen\n    require \"network\"\nfi\n\nif [ -n \"$SFML_WINDOW\" ]\nthen\n    require \"window\"\nfi\n\nif [ -n \"$SFML_GRAPHICS\" ]\nthen\n    require \"graphics\"\nfi\n\n                ";
		};
/* End PBXShellScriptBuildPhase section */

/* Begin PBXSourcesBuildPhase section */
		4F8215F71E0452C500744816 /* Sources */ = {
			isa = PBXSourcesBuildPhase;
			buildActionMask = 2147483647;
			files = (
				4F8216521E0617B200744816 /* Label.cpp in Sources */,
				4F8216231E04683C00744816 /* UIControlElement.cpp in Sources */,
				4F82165F1E06D27200744816 /* XYPad.cpp in Sources */,
				4FA245A91E0D5E940097B27D /* ActionGroup.cpp in Sources */,
				4F8216491E05CEEA00744816 /* Toggle.cpp in Sources */,
				4FDD24F61E06FD5B000C715D /* UIChaser.cpp in Sources */,
				4F8216201E0454AD00744816 /* FadeCurve.cpp in Sources */,
				4F8216051E0452C500744816 /* main.cpp in Sources */,
				4FE6B2421E088124007790DD /* ResourcePath.mm in Sources */,
				4FA245A21E0C99DF0097B27D /* HorizontalSlider.cpp in Sources */,
				4FB7B5161E07D27900D54CC7 /* arduino-serial-dmx.cpp in Sources */,
				4F8216431E05C63F00744816 /* Button.cpp in Sources */,
				4F8216391E05787500744816 /* UISlieder.cpp in Sources */,
				4F82161D1E04547900744816 /* Channel.cpp in Sources */,
				4F82162C1E049A7600744816 /* UISwitch.cpp in Sources */,
				4F8216401E05C33900744816 /* ElementController.cpp in Sources */,
				4F8216621E06DAAD00744816 /* UIXYPad.cpp in Sources */,
				4FB7B5171E07D27900D54CC7 /* arduino-serial-lib.cpp in Sources */,
				4F82164C1E06076A00744816 /* UIPushButton.cpp in Sources */,
				4F8216171E04531900744816 /* Stage.cpp in Sources */,
				4F82163D1E05C30500744816 /* Element.cpp in Sources */,
				4F8216461E05C77B00744816 /* VerticalSlider.cpp in Sources */,
				4FA245AC1E0DA2940097B27D /* Action.cpp in Sources */,
				4FA245B21E0DE1710097B27D /* UISingleVChannel.cpp in Sources */,
			);
			runOnlyForDeploymentPostprocessing = 0;
		};
/* End PBXSourcesBuildPhase section */

/* Begin XCBuildConfiguration section */
		4F82160F1E0452C500744816 /* Debug */ = {
			isa = XCBuildConfiguration;
			buildSettings = {
				ARCHS = "$(NATIVE_ARCH_ACTUAL)";
				CLANG_CXX_LANGUAGE_STANDARD = "c++14";
				CLANG_CXX_LIBRARY = "libc++";
				FRAMEWORK_SEARCH_PATHS = (
					/Library/Frameworks/,
					"$(inherited)",
				);
				GCC_VERSION = com.apple.compilers.llvm.clang.1_0;
				HEADER_SEARCH_PATHS = (
					/usr/local/include/,
					"$(inherited)",
				);
				LIBRARY_SEARCH_PATHS = (
					/usr/local/lib/,
					"$(inherited)",
				);
				MACOSX_DEPLOYMENT_TARGET = 10.7;
				OTHER_LDFLAGS = (
					"$(inherited)",
					"$(SFML_SYSTEM)",
					"$(SFML_WINDOW)",
					"$(SFML_GRAPHICS)",
					"$(SFML_AUDIO)",
					"$(SFML_NETWORK)",
				);
				SFML_AUDIO = "$(SFML_LINK_PREFIX) sfml-audio$(SFML_LINK_SUFFIX)";
				SFML_BINARY_TYPE = FRAMEWORKS;
				SFML_GRAPHICS = "$(SFML_LINK_PREFIX) sfml-graphics$(SFML_LINK_SUFFIX)";
				SFML_LINK_DYLIBS_PREFIX = "-l";
				SFML_LINK_DYLIBS_SUFFIX = "";
				SFML_LINK_FRAMEWORKS_PREFIX = "-framework";
				SFML_LINK_FRAMEWORKS_SUFFIX = "";
				SFML_LINK_PREFIX = "$(SFML_LINK_$(SFML_BINARY_TYPE)_PREFIX)";
				SFML_LINK_SUFFIX = "$(SFML_LINK_$(SFML_BINARY_TYPE)_SUFFIX)";
				SFML_NETWORK = "$(SFML_LINK_PREFIX) sfml-network$(SFML_LINK_SUFFIX)";
				SFML_SYSTEM = "$(SFML_LINK_PREFIX) sfml-system$(SFML_LINK_SUFFIX)";
				SFML_WINDOW = "$(SFML_LINK_PREFIX) sfml-window$(SFML_LINK_SUFFIX)";
				SUPPORTED_PLATFORMS = macosx;
			};
			name = Debug;
		};
		4F8216101E0452C500744816 /* Release */ = {
			isa = XCBuildConfiguration;
			buildSettings = {
				ARCHS = "$(NATIVE_ARCH_ACTUAL)";
				CLANG_CXX_LANGUAGE_STANDARD = "c++14";
				CLANG_CXX_LIBRARY = "libc++";
				FRAMEWORK_SEARCH_PATHS = (
					/Library/Frameworks/,
					"$(inherited)",
				);
				GCC_VERSION = com.apple.compilers.llvm.clang.1_0;
				HEADER_SEARCH_PATHS = (
					/usr/local/include/,
					"$(inherited)",
				);
				LIBRARY_SEARCH_PATHS = (
					/usr/local/lib/,
					"$(inherited)",
				);
				MACOSX_DEPLOYMENT_TARGET = 10.7;
				OTHER_LDFLAGS = (
					"$(inherited)",
					"$(SFML_SYSTEM)",
					"$(SFML_WINDOW)",
					"$(SFML_GRAPHICS)",
					"$(SFML_AUDIO)",
					"$(SFML_NETWORK)",
				);
				SFML_AUDIO = "$(SFML_LINK_PREFIX) sfml-audio$(SFML_LINK_SUFFIX)";
				SFML_BINARY_TYPE = FRAMEWORKS;
				SFML_GRAPHICS = "$(SFML_LINK_PREFIX) sfml-graphics$(SFML_LINK_SUFFIX)";
				SFML_LINK_DYLIBS_PREFIX = "-l";
				SFML_LINK_DYLIBS_SUFFIX = "";
				SFML_LINK_FRAMEWORKS_PREFIX = "-framework";
				SFML_LINK_FRAMEWORKS_SUFFIX = "";
				SFML_LINK_PREFIX = "$(SFML_LINK_$(SFML_BINARY_TYPE)_PREFIX)";
				SFML_LINK_SUFFIX = "$(SFML_LINK_$(SFML_BINARY_TYPE)_SUFFIX)";
				SFML_NETWORK = "$(SFML_LINK_PREFIX) sfml-network$(SFML_LINK_SUFFIX)";
				SFML_SYSTEM = "$(SFML_LINK_PREFIX) sfml-system$(SFML_LINK_SUFFIX)";
				SFML_WINDOW = "$(SFML_LINK_PREFIX) sfml-window$(SFML_LINK_SUFFIX)";
				SUPPORTED_PLATFORMS = macosx;
			};
			name = Release;
		};
		4F8216121E0452C500744816 /* Debug */ = {
			isa = XCBuildConfiguration;
			buildSettings = {
				INFOPLIST_FILE = "src/BitDmx-Info.plist";
				LD_RUNPATH_SEARCH_PATHS = "@loader_path/../Frameworks";
				PRODUCT_NAME = "$(TARGET_NAME)";
			};
			name = Debug;
		};
		4F8216131E0452C500744816 /* Release */ = {
			isa = XCBuildConfiguration;
			buildSettings = {
				INFOPLIST_FILE = "src/BitDmx-Info.plist";
				LD_RUNPATH_SEARCH_PATHS = "@loader_path/../Frameworks";
				PRODUCT_NAME = "$(TARGET_NAME)";
			};
			name = Release;
		};
/* End XCBuildConfiguration section */

/* Begin XCConfigurationList section */
		4F8215F61E0452C500744816 /* Build configuration list for PBXProject "BitDmx" */ = {
			isa = XCConfigurationList;
			buildConfigurations = (
				4F82160F1E0452C500744816 /* Debug */,
				4F8216101E0452C500744816 /* Release */,
			);
			defaultConfigurationIsVisible = 0;
			defaultConfigurationName = Release;
		};
		4F8216111E0452C500744816 /* Build configuration list for PBXNativeTarget "BitDmx" */ = {
			isa = XCConfigurationList;
			buildConfigurations = (
				4F8216121E0452C500744816 /* Debug */,
				4F8216131E0452C500744816 /* Release */,
			);
			defaultConfigurationIsVisible = 0;
			defaultConfigurationName = Release;
		};
/* End XCConfigurationList section */
	};
	rootObject = 4F8215F31E0452C500744816 /* Project object */;
}
